
Microsoft Visual Studio Solution File, Format Version 12.00
# Visual Studio 2017
Project("{FAE04EC0-301F-11D3-BF4B-00C04F79EFBC}") = "AgilityRPG", "AgilityRPG.csproj", "{ABB74F5D-C567-C076-F2AD-18E192DAB52B}"
EndProject
Global
	GlobalSection(SolutionConfigurationPlatforms) = preSolution
		Debug|Any CPU = Debug|Any CPU
		Release|Any CPU = Release|Any CPU
	EndGlobalSection
	GlobalSection(ProjectConfigurationPlatforms) = postSolution
		{ABB74F5D-C567-C076-F2AD-18E192DAB52B}.Debug|Any CPU.ActiveCfg = Debug|Any CPU
		{ABB74F5D-C567-C076-F2AD-18E192DAB52B}.Debug|Any CPU.Build.0 = Debug|Any CPU
		{ABB74F5D-C567-C076-F2AD-18E192DAB52B}.Release|Any CPU.ActiveCfg = Release|Any CPU
		{ABB74F5D-C567-C076-F2AD-18E192DAB52B}.Release|Any CPU.Build.0 = Release|Any CPU
	EndGlobalSection
	GlobalSection(SolutionProperties) = preSolution
		HideSolutionNode = FALSE
	EndGlobalSection
EndGlobal
